{
  "lockfile_version": "2.0",
  "generated_at": "2026-07-01T08:59:22.644Z",
  "agents": {
    "WelcomeAgent": {
      "version": "1.0",
      "source_hash": "ca8927fb38c44360",
      "status": "active"
    }
  },
  "tools": {
    "tools/test_table.tools.abl": {
      "source_hash": "a07decb61f1513be"
    }
  },
  "configs": {
    "config/runtime-config.json": {
      "source_hash": "b08adb569f0c10cc"
    }
  },
  "connections": {},
  "guardrails": {},
  "workflows": {
    "workflows/test.workflow.json": {
      "source_hash": "3e4dada1b3c07d21"
    },
    "workflows/test1.workflow.json": {
      "source_hash": "2e495645dec810d6"
    },
    "workflows/versions/test/draft.version.json": {
      "source_hash": "418593ff997035df",
      "version": "draft"
    },
    "workflows/versions/test1/draft.version.json": {
      "source_hash": "5ef1ef0e98fbe8a9",
      "version": "draft"
    }
  },
  "evals": {},
  "search": {},
  "channels": {},
  "vocabulary": {},
  "behavior_profiles": {},
  "layer_hashes": {
    "core": "f6e5ae3f5970e6144a43682e6219dd7cfd6e39c3c9d50924c2d8bb1e1a030787",
    "connections": "e3b0c44298fc1c149afbf4c8996fb92427ae41e4649b934ca495991b7852b855",
    "prompts": "e3b0c44298fc1c149afbf4c8996fb92427ae41e4649b934ca495991b7852b855",
    "guardrails": "e3b0c44298fc1c149afbf4c8996fb92427ae41e4649b934ca495991b7852b855",
    "workflows": "1375a64b00065c87163193885ee47e4b271512f39f263472a4ae1f4db5db8a2e",
    "evals": "e3b0c44298fc1c149afbf4c8996fb92427ae41e4649b934ca495991b7852b855",
    "search": "e3b0c44298fc1c149afbf4c8996fb92427ae41e4649b934ca495991b7852b855",
    "channels": "e3b0c44298fc1c149afbf4c8996fb92427ae41e4649b934ca495991b7852b855",
    "vocabulary": "e3b0c44298fc1c149afbf4c8996fb92427ae41e4649b934ca495991b7852b855",
    "tables": "e3b0c44298fc1c149afbf4c8996fb92427ae41e4649b934ca495991b7852b855"
  },
  "integrity": "b2d3ad94d8e9209076b9675bae06dc5f7fec206600f77b32b7ed21b1f200e0e6"
}